
Microsoft Visual Studio Solution File, Format Version 12.00
# Visual Studio 15
VisualStudioVersion = 15.0.26730.8
MinimumVisualStudioVersion = 10.0.40219.1
Project("{FAE04EC0-301F-11D3-BF4B-00C04F79EFBC}") = "funretro.api", "funretro.api\funretro.api.csproj", "{EB56FB34-09B6-4D69-9EF1-093146DC47E3}"
EndProject
Project("{FAE04EC0-301F-11D3-BF4B-00C04F79EFBC}") = "funretro.model", "funretro.model\funretro.model.csproj", "{C964B2FB-476D-47E8-A62B-B5A48DDE9D16}"
EndProject
Global
	GlobalSection(SolutionConfigurationPlatforms) = preSolution
		Debug|Any CPU = Debug|Any CPU
		Release|Any CPU = Release|Any CPU
	EndGlobalSection
	GlobalSection(ProjectConfigurationPlatforms) = postSolution
		{EB56FB34-09B6-4D69-9EF1-093146DC47E3}.Debug|Any CPU.ActiveCfg = Debug|Any CPU
		{EB56FB34-09B6-4D69-9EF1-093146DC47E3}.Debug|Any CPU.Build.0 = Debug|Any CPU
		{EB56FB34-09B6-4D69-9EF1-093146DC47E3}.Release|Any CPU.ActiveCfg = Release|Any CPU
		{EB56FB34-09B6-4D69-9EF1-093146DC47E3}.Release|Any CPU.Build.0 = Release|Any CPU
		{C964B2FB-476D-47E8-A62B-B5A48DDE9D16}.Debug|Any CPU.ActiveCfg = Debug|Any CPU
		{C964B2FB-476D-47E8-A62B-B5A48DDE9D16}.Debug|Any CPU.Build.0 = Debug|Any CPU
		{C964B2FB-476D-47E8-A62B-B5A48DDE9D16}.Release|Any CPU.ActiveCfg = Release|Any CPU
		{C964B2FB-476D-47E8-A62B-B5A48DDE9D16}.Release|Any CPU.Build.0 = Release|Any CPU
	EndGlobalSection
	GlobalSection(SolutionProperties) = preSolution
		HideSolutionNode = FALSE
	EndGlobalSection
	GlobalSection(ExtensibilityGlobals) = postSolution
		SolutionGuid = {FF5C2C2E-2E1A-4F34-8F58-7040802ACDBD}
	EndGlobalSection
EndGlobal
